
Microsoft Visual Studio Solution File, Format Version 12.00
# Visual Studio Version 16
VisualStudioVersion = 16.0.29411.108
MinimumVisualStudioVersion = 10.0.40219.1
Project("{FAE04EC0-301F-11D3-BF4B-00C04F79EFBC}") = "NewJson", "NewJson\NewJson.csproj", "{B424B52C-15E3-41CD-B793-0EDC9E5BCDBF}"
EndProject
Global
	GlobalSection(SolutionConfigurationPlatforms) = preSolution
		Debug|Any CPU = Debug|Any CPU
		Release|Any CPU = Release|Any CPU
	EndGlobalSection
	GlobalSection(ProjectConfigurationPlatforms) = postSolution
		{B424B52C-15E3-41CD-B793-0EDC9E5BCDBF}.Debug|Any CPU.ActiveCfg = Debug|Any CPU
		{B424B52C-15E3-41CD-B793-0EDC9E5BCDBF}.Debug|Any CPU.Build.0 = Debug|Any CPU
		{B424B52C-15E3-41CD-B793-0EDC9E5BCDBF}.Release|Any CPU.ActiveCfg = Release|Any CPU
		{B424B52C-15E3-41CD-B793-0EDC9E5BCDBF}.Release|Any CPU.Build.0 = Release|Any CPU
	EndGlobalSection
	GlobalSection(SolutionProperties) = preSolution
		HideSolutionNode = FALSE
	EndGlobalSection
	GlobalSection(ExtensibilityGlobals) = postSolution
		SolutionGuid = {B8581CBB-E89F-4691-B25F-373EF5EB6F73}
	EndGlobalSection
EndGlobal
